<?xml version="1.0" encoding="utf-8"?>
<Project ToolsVersion="4.0" xmlns="http://schemas.microsoft.com/developer/msbuild/2003">
  <ItemGroup>
    <Filter Include="소스 파일">
      <UniqueIdentifier>{4FC737F1-C7A5-4376-A066-2A32D752A2FF}</UniqueIdentifier>
      <Extensions>cpp;c;cc;cxx;c++;cppm;ixx;def;odl;idl;hpj;bat;asm;asmx</Extensions>
    </Filter>
    <Filter Include="헤더 파일">
      <UniqueIdentifier>{93995380-89BD-4b04-88EB-625FBE52EBFB}</UniqueIdentifier>
      <Extensions>h;hh;hpp;hxx;h++;hm;inl;inc;ipp;xsd</Extensions>
    </Filter>
    <Filter Include="리소스 파일">
      <UniqueIdentifier>{67DA6AB6-F800-4c08-8B7A-83BB121AAD01}</UniqueIdentifier>
      <Extensions>rc;ico;cur;bmp;dlg;rc2;rct;bin;rgs;gif;jpg;jpeg;jpe;resx;tiff;tif;png;wav;mfcribbon-ms</Extensions>
    </Filter>
    <Filter Include="소스 파일\99.Headers">
      <UniqueIdentifier>{6efd273c-f495-4f32-aeeb-14214cf153c5}</UniqueIdentifier>
    </Filter>
    <Filter Include="소스 파일\99.Headers\Andromeda">
      <UniqueIdentifier>{53094a8e-f2f7-4a8b-96da-004c17639009}</UniqueIdentifier>
    </Filter>
    <Filter Include="소스 파일\01.Main">
      <UniqueIdentifier>{c0117f14-5fb0-4c12-84e0-2efe1c057205}</UniqueIdentifier>
    </Filter>
    <Filter Include="소스 파일\98.Shaders">
      <UniqueIdentifier>{543afb65-9704-4c42-b90b-36581ead20bd}</UniqueIdentifier>
    </Filter>
    <Filter Include="소스 파일\00.Engine">
      <UniqueIdentifier>{f8d9f26c-26c0-40cc-b3ce-ebae3d0981b5}</UniqueIdentifier>
    </Filter>
    <Filter Include="소스 파일\00.Engine\Pipeline">
      <UniqueIdentifier>{2fc235bc-16cf-40cb-9ddb-1c28d027b3b8}</UniqueIdentifier>
    </Filter>
    <Filter Include="소스 파일\00.Engine\Pipeline\00.Geometry">
      <UniqueIdentifier>{217d449f-465f-46da-99db-b04ec20fcf5c}</UniqueIdentifier>
    </Filter>
    <Filter Include="소스 파일\00.Engine\Pipeline\01.InputAssembler">
      <UniqueIdentifier>{6cf85278-e7c4-4a2d-87e3-60a6b600f07f}</UniqueIdentifier>
    </Filter>
    <Filter Include="소스 파일\00.Engine\Pipeline\02.VertexShader">
      <UniqueIdentifier>{9b2da6c0-998e-4a52-87f7-1ef808e7ad4a}</UniqueIdentifier>
    </Filter>
    <Filter Include="소스 파일\00.Engine\Pipeline\03.Resterizer">
      <UniqueIdentifier>{b1841930-d5b3-4f8c-a263-347c8788e04d}</UniqueIdentifier>
    </Filter>
    <Filter Include="소스 파일\00.Engine\Pipeline\04.PixelShader">
      <UniqueIdentifier>{d42d73f7-d8ad-4f09-b39d-5b31b9882900}</UniqueIdentifier>
    </Filter>
    <Filter Include="소스 파일\00.Engine\Pipeline\05.OutputMerger">
      <UniqueIdentifier>{4bbd14d3-e890-4203-b76e-bd2c24c9075c}</UniqueIdentifier>
    </Filter>
    <Filter Include="소스 파일\00.Engine\GameObject">
      <UniqueIdentifier>{4f85c107-db64-4223-8d8e-43049435eb96}</UniqueIdentifier>
    </Filter>
    <Filter Include="소스 파일\00.Engine\Animator">
      <UniqueIdentifier>{c5e2de4d-3b35-4df9-8e2e-3c78ae88058d}</UniqueIdentifier>
    </Filter>
    <Filter Include="소스 파일\00.Engine\MeshRenderer">
      <UniqueIdentifier>{ecb8a1cd-8451-49c8-a90f-e42f36e60156}</UniqueIdentifier>
    </Filter>
    <Filter Include="소스 파일\00.Engine\MonoBehaviour">
      <UniqueIdentifier>{0e040795-3dcc-48c4-9f01-790e6731458b}</UniqueIdentifier>
    </Filter>
    <Filter Include="소스 파일\00.Engine\GameObject\Component">
      <UniqueIdentifier>{24886ddd-4c86-476c-86f9-e428104912ef}</UniqueIdentifier>
    </Filter>
    <Filter Include="소스 파일\00.Engine\GameObject\Component\Camera">
      <UniqueIdentifier>{589da48c-a505-431d-9932-387bba09274a}</UniqueIdentifier>
    </Filter>
  </ItemGroup>
  <ItemGroup>
    <ClInclude Include="targetver.h">
      <Filter>소스 파일\99.Headers\Andromeda</Filter>
    </ClInclude>
    <ClInclude Include="Resource.h">
      <Filter>소스 파일\99.Headers\Andromeda</Filter>
    </ClInclude>
    <ClInclude Include="framework.h">
      <Filter>소스 파일\99.Headers\Andromeda</Filter>
    </ClInclude>
    <ClInclude Include="pch.h">
      <Filter>소스 파일\99.Headers</Filter>
    </ClInclude>
    <ClInclude Include="Values.h">
      <Filter>소스 파일\99.Headers</Filter>
    </ClInclude>
    <ClInclude Include="Types.h">
      <Filter>소스 파일\99.Headers</Filter>
    </ClInclude>
    <ClInclude Include="Struct.h">
      <Filter>소스 파일\99.Headers</Filter>
    </ClInclude>
    <ClInclude Include="GameCoding.h">
      <Filter>소스 파일\01.Main</Filter>
    </ClInclude>
    <ClInclude Include="Game.h">
      <Filter>소스 파일\01.Main</Filter>
    </ClInclude>
    <ClInclude Include="SimpleMath.h">
      <Filter>소스 파일\99.Headers</Filter>
    </ClInclude>
    <ClInclude Include="Graphics.h">
      <Filter>소스 파일\00.Engine\Pipeline</Filter>
    </ClInclude>
    <ClInclude Include="IndexBuffer.h">
      <Filter>소스 파일\00.Engine\Pipeline\01.InputAssembler</Filter>
    </ClInclude>
    <ClInclude Include="InputLayout.h">
      <Filter>소스 파일\00.Engine\Pipeline\01.InputAssembler</Filter>
    </ClInclude>
    <ClInclude Include="VertexBuffer.h">
      <Filter>소스 파일\00.Engine\Pipeline\01.InputAssembler</Filter>
    </ClInclude>
    <ClInclude Include="Geometry.h">
      <Filter>소스 파일\00.Engine\Pipeline\00.Geometry</Filter>
    </ClInclude>
    <ClInclude Include="GeometryHelper.h">
      <Filter>소스 파일\00.Engine\Pipeline\00.Geometry</Filter>
    </ClInclude>
    <ClInclude Include="VertexData.h">
      <Filter>소스 파일\00.Engine\Pipeline\00.Geometry</Filter>
    </ClInclude>
    <ClInclude Include="Shader.h">
      <Filter>소스 파일\00.Engine\Pipeline\02.VertexShader</Filter>
    </ClInclude>
    <ClInclude Include="ConstantBuffer.h">
      <Filter>소스 파일\00.Engine\Pipeline\02.VertexShader</Filter>
    </ClInclude>
    <ClInclude Include="Texture.h">
      <Filter>소스 파일\00.Engine\Pipeline\04.PixelShader</Filter>
    </ClInclude>
    <ClInclude Include="BlendState.h">
      <Filter>소스 파일\00.Engine\Pipeline\05.OutputMerger</Filter>
    </ClInclude>
    <ClInclude Include="RasterizerState.h">
      <Filter>소스 파일\00.Engine\Pipeline\03.Resterizer</Filter>
    </ClInclude>
    <ClInclude Include="SamplerState.h">
      <Filter>소스 파일\00.Engine\Pipeline\04.PixelShader</Filter>
    </ClInclude>
    <ClInclude Include="Pipeline.h">
      <Filter>소스 파일\00.Engine\Pipeline</Filter>
    </ClInclude>
    <ClInclude Include="Transform.h">
      <Filter>소스 파일\00.Engine\GameObject\Component</Filter>
    </ClInclude>
    <ClInclude Include="GameObject.h">
      <Filter>소스 파일\00.Engine\GameObject</Filter>
    </ClInclude>
    <ClInclude Include="Component.h">
      <Filter>소스 파일\00.Engine\GameObject\Component</Filter>
    </ClInclude>
    <ClInclude Include="MonoBehaviour.h">
      <Filter>헤더 파일</Filter>
    </ClInclude>
    <ClInclude Include="Camera.h">
      <Filter>소스 파일\00.Engine\GameObject\Component\Camera</Filter>
    </ClInclude>
  </ItemGroup>
  <ItemGroup>
    <ClCompile Include="pch.cpp">
      <Filter>소스 파일\99.Headers</Filter>
    </ClCompile>
    <ClCompile Include="GameCoding.cpp">
      <Filter>소스 파일\01.Main</Filter>
    </ClCompile>
    <ClCompile Include="Game.cpp">
      <Filter>소스 파일</Filter>
    </ClCompile>
    <ClCompile Include="SimpleMath.cpp">
      <Filter>소스 파일\99.Headers</Filter>
    </ClCompile>
    <ClCompile Include="Graphics.cpp">
      <Filter>소스 파일\00.Engine\Pipeline</Filter>
    </ClCompile>
    <ClCompile Include="IndexBuffer.cpp">
      <Filter>소스 파일\00.Engine\Pipeline\01.InputAssembler</Filter>
    </ClCompile>
    <ClCompile Include="InputLayout.cpp">
      <Filter>소스 파일\00.Engine\Pipeline\01.InputAssembler</Filter>
    </ClCompile>
    <ClCompile Include="VertexBuffer.cpp">
      <Filter>소스 파일\00.Engine\Pipeline\01.InputAssembler</Filter>
    </ClCompile>
    <ClCompile Include="Geometry.cpp">
      <Filter>소스 파일\00.Engine\Pipeline\00.Geometry</Filter>
    </ClCompile>
    <ClCompile Include="GeometryHelper.cpp">
      <Filter>소스 파일\00.Engine\Pipeline\00.Geometry</Filter>
    </ClCompile>
    <ClCompile Include="VertexData.cpp">
      <Filter>소스 파일\00.Engine\Pipeline\00.Geometry</Filter>
    </ClCompile>
    <ClCompile Include="Shader.cpp">
      <Filter>소스 파일\00.Engine\Pipeline\02.VertexShader</Filter>
    </ClCompile>
    <ClCompile Include="ConstantBuffer.cpp">
      <Filter>소스 파일\00.Engine\Pipeline\02.VertexShader</Filter>
    </ClCompile>
    <ClCompile Include="Texture.cpp">
      <Filter>소스 파일\00.Engine\Pipeline\04.PixelShader</Filter>
    </ClCompile>
    <ClCompile Include="BlendState.cpp">
      <Filter>소스 파일\00.Engine\Pipeline\05.OutputMerger</Filter>
    </ClCompile>
    <ClCompile Include="RasterizerState.cpp">
      <Filter>소스 파일\00.Engine\Pipeline\03.Resterizer</Filter>
    </ClCompile>
    <ClCompile Include="SamplerState.cpp">
      <Filter>소스 파일\00.Engine\Pipeline\04.PixelShader</Filter>
    </ClCompile>
    <ClCompile Include="Pipeline.cpp">
      <Filter>소스 파일\00.Engine\Pipeline</Filter>
    </ClCompile>
    <ClCompile Include="GameObject.cpp">
      <Filter>소스 파일\00.Engine\GameObject</Filter>
    </ClCompile>
    <ClCompile Include="Transform.cpp">
      <Filter>소스 파일\00.Engine\GameObject\Component</Filter>
    </ClCompile>
    <ClCompile Include="Component.cpp">
      <Filter>소스 파일\00.Engine\GameObject\Component</Filter>
    </ClCompile>
    <ClCompile Include="MonoBehaviour.cpp">
      <Filter>소스 파일</Filter>
    </ClCompile>
    <ClCompile Include="Camera.cpp">
      <Filter>소스 파일\00.Engine\GameObject\Component\Camera</Filter>
    </ClCompile>
  </ItemGroup>
  <ItemGroup>
    <ResourceCompile Include="GameCoding.rc">
      <Filter>리소스 파일</Filter>
    </ResourceCompile>
  </ItemGroup>
  <ItemGroup>
    <Image Include="small.ico">
      <Filter>리소스 파일</Filter>
    </Image>
    <Image Include="GameCoding.ico">
      <Filter>리소스 파일</Filter>
    </Image>
  </ItemGroup>
  <ItemGroup>
    <FxCompile Include="Default.hlsl">
      <Filter>소스 파일\98.Shaders</Filter>
    </FxCompile>
  </ItemGroup>
  <ItemGroup>
    <None Include="SimpleMath.inl">
      <Filter>소스 파일\99.Headers</Filter>
    </None>
  </ItemGroup>
</Project>